
Microsoft Visual Studio Solution File, Format Version 12.00
# Visual Studio Version 17
VisualStudioVersion = 17.8.34316.72
MinimumVisualStudioVersion = 10.0.40219.1
Project("{FAE04EC0-301F-11D3-BF4B-00C04F79EFBC}") = "DummyJson", "DummyJson.csproj", "{7A736232-3A11-4A1C-BB69-E242BC0AEE6E}"
EndProject
Global
	GlobalSection(SolutionConfigurationPlatforms) = preSolution
		Debug|Any CPU = Debug|Any CPU
		Release|Any CPU = Release|Any CPU
	EndGlobalSection
	GlobalSection(ProjectConfigurationPlatforms) = postSolution
		{7A736232-3A11-4A1C-BB69-E242BC0AEE6E}.Debug|Any CPU.ActiveCfg = Debug|Any CPU
		{7A736232-3A11-4A1C-BB69-E242BC0AEE6E}.Debug|Any CPU.Build.0 = Debug|Any CPU
		{7A736232-3A11-4A1C-BB69-E242BC0AEE6E}.Release|Any CPU.ActiveCfg = Release|Any CPU
		{7A736232-3A11-4A1C-BB69-E242BC0AEE6E}.Release|Any CPU.Build.0 = Release|Any CPU
	EndGlobalSection
	GlobalSection(SolutionProperties) = preSolution
		HideSolutionNode = FALSE
	EndGlobalSection
	GlobalSection(ExtensibilityGlobals) = postSolution
		SolutionGuid = {09EAEBDE-0E1C-4BDE-B400-85A96CD80E8E}
	EndGlobalSection
EndGlobal
